version = 1
requires-python = ">=3.11"

[[package]]
name = "pyobjc-core"
version = "10.3.2"
source = { registry = "https://pypi.org/simple" }
sdist = { url = "https://files.pythonhosted.org/packages/5d/07/2b3d63c0349fe4cf34d787a52a22faa156225808db2d1531fe58fabd779d/pyobjc_core-10.3.2.tar.gz", hash = "sha256:dbf1475d864ce594288ce03e94e3a98dc7f0e4639971eb1e312bdf6661c21e0e", size = 935182 }
wheels = [
    { url = "https://files.pythonhosted.org/packages/8e/11/f28af2cb4446743c8515f40f8dfac1bc078566c4a5cd7dcc6d24219ff3c9/pyobjc_core-10.3.2-cp311-cp311-macosx_10_9_universal2.whl", hash = "sha256:cea5e77659619ad93c782ca07644b6efe7d7ec6f59e46128843a0a87c1af511a", size = 775537 },
    { url = "https://files.pythonhosted.org/packages/13/89/8808fe75efb03b29e082f9d12da31d55d5be3f55260c7b4e4cde7ebf81af/pyobjc_core-10.3.2-cp312-cp312-macosx_10_13_universal2.whl", hash = "sha256:16644a92fb9661de841ba6115e5354db06a1d193a5e239046e840013c7b3874d", size = 826024 },
    { url = "https://files.pythonhosted.org/packages/08/27/e7b8240c116cd8231ac33daaf982e36f77be33cf5448bbc568ce17371a79/pyobjc_core-10.3.2-cp313-cp313-macosx_10_13_universal2.whl", hash = "sha256:76b8b911d94501dac89821df349b1860bb770dce102a1a293f524b5b09dd9462", size = 827885 },
    { url = "https://files.pythonhosted.org/packages/de/a3/897cc31fca822a4df4ece31e4369dd9eae35bcb0b535fc9c7c21924268ba/pyobjc_core-10.3.2-cp313-cp313t-macosx_10_13_universal2.whl", hash = "sha256:8c6288fdb210b64115760a4504efbc4daffdc390d309e9318eb0e3e3b78d2828", size = 837794 },
]

[[package]]
name = "pyobjc-framework-cocoa"
version = "10.3.2"
source = { registry = "https://pypi.org/simple" }
dependencies = [
    { name = "pyobjc-core" },
]
sdist = { url = "https://files.pythonhosted.org/packages/39/41/4f09a5e9a6769b4dafb293ea597ed693cc0def0e07867ad0a42664f530b6/pyobjc_framework_cocoa-10.3.2.tar.gz", hash = "sha256:673968e5435845bef969bfe374f31a1a6dc660c98608d2b84d5cae6eafa5c39d", size = 4942530 }
wheels = [
    { url = "https://files.pythonhosted.org/packages/94/52/a41bf62d1467d74e61a729a1e36e064abb47f124a5e484643f021388873f/pyobjc_framework_Cocoa-10.3.2-cp311-cp311-macosx_10_9_universal2.whl", hash = "sha256:7caaf8b260e81b27b7b787332846f644b9423bfc1536f6ec24edbde59ab77a87", size = 381529 },
    { url = "https://files.pythonhosted.org/packages/22/fc/496c6ce1386f93d22d9a1ee1889215ed69989d976efa27e46b37b95a4f2d/pyobjc_framework_Cocoa-10.3.2-cp312-cp312-macosx_10_13_universal2.whl", hash = "sha256:c49e99fc4b9e613fb308651b99d52a8a9ae9916c8ef27aa2f5d585b6678a59bf", size = 381866 },
    { url = "https://files.pythonhosted.org/packages/4e/c4/bccb4c05422170c0afccf6ebbdcc7551f7ddd03d2f7a65498d02cb179993/pyobjc_framework_Cocoa-10.3.2-cp313-cp313-macosx_10_13_universal2.whl", hash = "sha256:f1161b5713f9b9934c12649d73a6749617172e240f9431eff9e22175262fdfda", size = 381878 },
    { url = "https://files.pythonhosted.org/packages/25/ec/68657a633512edb84ecb1ff47a067a81028d6f027aa923e806400d2f8a26/pyobjc_framework_Cocoa-10.3.2-cp313-cp313t-macosx_10_13_universal2.whl", hash = "sha256:08e48b9ee4eb393447b2b781d16663b954bd10a26927df74f92e924c05568d89", size = 384925 },
]

[[package]]
name = "tacky"
version = "0.0.29"
source = { editable = "." }
dependencies = [
    { name = "pyobjc-core" },
    { name = "pyobjc-framework-cocoa" },
]

[package.metadata]
requires-dist = [
    { name = "pyobjc-core", specifier = ">=10.3.2" },
    { name = "pyobjc-framework-cocoa", specifier = ">=10.3.2" },
]
